
Microsoft Visual Studio Solution File, Format Version 12.00
# Visual Studio Version 16
VisualStudioVersion = 16.0.33027.164
MinimumVisualStudioVersion = 10.0.40219.1
Project("{FAE04EC0-301F-11D3-BF4B-00C04F79EFBC}") = "MVCSampleProject", "MVCSampleProject.csproj", "{10B41DC7-4744-4778-98F0-0937FC397A9D}"
EndProject
Global
	GlobalSection(SolutionConfigurationPlatforms) = preSolution
		Debug|Any CPU = Debug|Any CPU
		Release|Any CPU = Release|Any CPU
	EndGlobalSection
	GlobalSection(ProjectConfigurationPlatforms) = postSolution
		{10B41DC7-4744-4778-98F0-0937FC397A9D}.Debug|Any CPU.ActiveCfg = Debug|Any CPU
		{10B41DC7-4744-4778-98F0-0937FC397A9D}.Debug|Any CPU.Build.0 = Debug|Any CPU
		{10B41DC7-4744-4778-98F0-0937FC397A9D}.Release|Any CPU.ActiveCfg = Release|Any CPU
		{10B41DC7-4744-4778-98F0-0937FC397A9D}.Release|Any CPU.Build.0 = Release|Any CPU
	EndGlobalSection
	GlobalSection(SolutionProperties) = preSolution
		HideSolutionNode = FALSE
	EndGlobalSection
	GlobalSection(ExtensibilityGlobals) = postSolution
		SolutionGuid = {64C88DD7-D7D4-4966-AD97-489F3E2218EA}
	EndGlobalSection
EndGlobal
